
Microsoft Visual Studio Solution File, Format Version 12.00
# Visual Studio Version 17
VisualStudioVersion = 17.0.31912.275
MinimumVisualStudioVersion = 10.0.40219.1
Project("{FAE04EC0-301F-11D3-BF4B-00C04F79EFBC}") = "Ex03.ConsoleUI", "ConsoleUI\Ex03.ConsoleUI.csproj", "{97769F98-2E9A-4F7D-9608-DC6B0EBA174B}"
EndProject
Project("{FAE04EC0-301F-11D3-BF4B-00C04F79EFBC}") = "Ex03.GarageLogic", "Ex03.GarageLogic\Ex03.GarageLogic.csproj", "{F6CEA306-EFF7-41CD-A776-A5E46EBFADA2}"
EndProject
Global
	GlobalSection(SolutionConfigurationPlatforms) = preSolution
		Debug|Any CPU = Debug|Any CPU
		Release|Any CPU = Release|Any CPU
	EndGlobalSection
	GlobalSection(ProjectConfigurationPlatforms) = postSolution
		{97769F98-2E9A-4F7D-9608-DC6B0EBA174B}.Debug|Any CPU.ActiveCfg = Debug|Any CPU
		{97769F98-2E9A-4F7D-9608-DC6B0EBA174B}.Debug|Any CPU.Build.0 = Debug|Any CPU
		{97769F98-2E9A-4F7D-9608-DC6B0EBA174B}.Release|Any CPU.ActiveCfg = Release|Any CPU
		{97769F98-2E9A-4F7D-9608-DC6B0EBA174B}.Release|Any CPU.Build.0 = Release|Any CPU
		{F6CEA306-EFF7-41CD-A776-A5E46EBFADA2}.Debug|Any CPU.ActiveCfg = Debug|Any CPU
		{F6CEA306-EFF7-41CD-A776-A5E46EBFADA2}.Debug|Any CPU.Build.0 = Debug|Any CPU
		{F6CEA306-EFF7-41CD-A776-A5E46EBFADA2}.Release|Any CPU.ActiveCfg = Release|Any CPU
		{F6CEA306-EFF7-41CD-A776-A5E46EBFADA2}.Release|Any CPU.Build.0 = Release|Any CPU
	EndGlobalSection
	GlobalSection(SolutionProperties) = preSolution
		HideSolutionNode = FALSE
	EndGlobalSection
	GlobalSection(ExtensibilityGlobals) = postSolution
		SolutionGuid = {E799FBE2-B0AD-49B7-8BDE-A18227F54734}
	EndGlobalSection
EndGlobal
